
Microsoft Visual Studio Solution File, Format Version 12.00
# Visual Studio Version 16
VisualStudioVersion = 16.0.33801.447
MinimumVisualStudioVersion = 10.0.40219.1
Project("{FAE04EC0-301F-11D3-BF4B-00C04F79EFBC}") = "PINEditor", "PINEditor\PINEditor.csproj", "{F56C3FC7-17AB-48DC-A461-EF9D5300C325}"
EndProject
Global
	GlobalSection(SolutionConfigurationPlatforms) = preSolution
		Debug|Any CPU = Debug|Any CPU
		Release|Any CPU = Release|Any CPU
	EndGlobalSection
	GlobalSection(ProjectConfigurationPlatforms) = postSolution
		{F56C3FC7-17AB-48DC-A461-EF9D5300C325}.Debug|Any CPU.ActiveCfg = Debug|Any CPU
		{F56C3FC7-17AB-48DC-A461-EF9D5300C325}.Debug|Any CPU.Build.0 = Debug|Any CPU
		{F56C3FC7-17AB-48DC-A461-EF9D5300C325}.Release|Any CPU.ActiveCfg = Release|Any CPU
		{F56C3FC7-17AB-48DC-A461-EF9D5300C325}.Release|Any CPU.Build.0 = Release|Any CPU
	EndGlobalSection
	GlobalSection(SolutionProperties) = preSolution
		HideSolutionNode = FALSE
	EndGlobalSection
	GlobalSection(ExtensibilityGlobals) = postSolution
		SolutionGuid = {95732CE6-C7CE-40AD-A58B-4C867BC58CAF}
	EndGlobalSection
EndGlobal
